
Microsoft Visual Studio Solution File, Format Version 12.00
# Visual Studio Version 16
VisualStudioVersion = 16.0.31321.278
MinimumVisualStudioVersion = 10.0.40219.1
Project("{9A19103F-16F7-4668-BE54-9A1E7A4F7556}") = "Bawbee.API", "Bawbee.API\Bawbee.API.csproj", "{975AD59D-DC43-4783-A864-82444A3C7461}"
EndProject
Global
	GlobalSection(SolutionConfigurationPlatforms) = preSolution
		Debug|Any CPU = Debug|Any CPU
		Release|Any CPU = Release|Any CPU
	EndGlobalSection
	GlobalSection(ProjectConfigurationPlatforms) = postSolution
		{975AD59D-DC43-4783-A864-82444A3C7461}.Debug|Any CPU.ActiveCfg = Debug|Any CPU
		{975AD59D-DC43-4783-A864-82444A3C7461}.Debug|Any CPU.Build.0 = Debug|Any CPU
		{975AD59D-DC43-4783-A864-82444A3C7461}.Release|Any CPU.ActiveCfg = Release|Any CPU
		{975AD59D-DC43-4783-A864-82444A3C7461}.Release|Any CPU.Build.0 = Release|Any CPU
	EndGlobalSection
	GlobalSection(SolutionProperties) = preSolution
		HideSolutionNode = FALSE
	EndGlobalSection
	GlobalSection(ExtensibilityGlobals) = postSolution
		SolutionGuid = {99073AF1-59B4-43DC-B337-C1643E5F4C99}
	EndGlobalSection
EndGlobal
