
Microsoft Visual Studio Solution File, Format Version 12.00
# Visual Studio Version 16
VisualStudioVersion = 16.0.30011.22
MinimumVisualStudioVersion = 10.0.40219.1
Project("{9A19103F-16F7-4668-BE54-9A1E7A4F7556}") = "Bawbee.Core", "..\backend\Bawbee.Core\Bawbee.Core.csproj", "{9DEC66FB-0CB2-4DF9-8C2E-DD810AC3597C}"
EndProject
Project("{9A19103F-16F7-4668-BE54-9A1E7A4F7556}") = "Bawbee.SharedKernel", "..\backend\Bawbee.SharedKernel\Bawbee.SharedKernel.csproj", "{5DD0D9A5-CD4B-46DC-9055-ED572E646C39}"
EndProject
Project("{9A19103F-16F7-4668-BE54-9A1E7A4F7556}") = "Bawbee.Infrastructure", "..\backend\Bawbee.Infrastructure\Bawbee.Infrastructure.csproj", "{3FEFAD99-4E31-4EF1-81A8-AAB159072565}"
EndProject
Project("{9A19103F-16F7-4668-BE54-9A1E7A4F7556}") = "Bawbee.API", "..\backend\Bawbee.API\Bawbee.API.csproj", "{A5130E6C-E71A-4DAD-A4E6-E9254DF33AB2}"
EndProject
Project("{9A19103F-16F7-4668-BE54-9A1E7A4F7556}") = "Bawbee.Application", "..\backend\Bawbee.Application\Bawbee.Application.csproj", "{B96FBC51-C385-40D2-B42F-92D62C735730}"
EndProject
Global
	GlobalSection(SolutionConfigurationPlatforms) = preSolution
		Debug|Any CPU = Debug|Any CPU
		Debug|iPhone = Debug|iPhone
		Debug|iPhoneSimulator = Debug|iPhoneSimulator
		Release|Any CPU = Release|Any CPU
		Release|iPhone = Release|iPhone
		Release|iPhoneSimulator = Release|iPhoneSimulator
	EndGlobalSection
	GlobalSection(ProjectConfigurationPlatforms) = postSolution
		{9DEC66FB-0CB2-4DF9-8C2E-DD810AC3597C}.Debug|Any CPU.ActiveCfg = Debug|Any CPU
		{9DEC66FB-0CB2-4DF9-8C2E-DD810AC3597C}.Debug|Any CPU.Build.0 = Debug|Any CPU
		{9DEC66FB-0CB2-4DF9-8C2E-DD810AC3597C}.Debug|iPhone.ActiveCfg = Debug|Any CPU
		{9DEC66FB-0CB2-4DF9-8C2E-DD810AC3597C}.Debug|iPhone.Build.0 = Debug|Any CPU
		{9DEC66FB-0CB2-4DF9-8C2E-DD810AC3597C}.Debug|iPhoneSimulator.ActiveCfg = Debug|Any CPU
		{9DEC66FB-0CB2-4DF9-8C2E-DD810AC3597C}.Debug|iPhoneSimulator.Build.0 = Debug|Any CPU
		{9DEC66FB-0CB2-4DF9-8C2E-DD810AC3597C}.Release|Any CPU.ActiveCfg = Release|Any CPU
		{9DEC66FB-0CB2-4DF9-8C2E-DD810AC3597C}.Release|Any CPU.Build.0 = Release|Any CPU
		{9DEC66FB-0CB2-4DF9-8C2E-DD810AC3597C}.Release|iPhone.ActiveCfg = Release|Any CPU
		{9DEC66FB-0CB2-4DF9-8C2E-DD810AC3597C}.Release|iPhone.Build.0 = Release|Any CPU
		{9DEC66FB-0CB2-4DF9-8C2E-DD810AC3597C}.Release|iPhoneSimulator.ActiveCfg = Release|Any CPU
		{9DEC66FB-0CB2-4DF9-8C2E-DD810AC3597C}.Release|iPhoneSimulator.Build.0 = Release|Any CPU
		{5DD0D9A5-CD4B-46DC-9055-ED572E646C39}.Debug|Any CPU.ActiveCfg = Debug|Any CPU
		{5DD0D9A5-CD4B-46DC-9055-ED572E646C39}.Debug|Any CPU.Build.0 = Debug|Any CPU
		{5DD0D9A5-CD4B-46DC-9055-ED572E646C39}.Debug|iPhone.ActiveCfg = Debug|Any CPU
		{5DD0D9A5-CD4B-46DC-9055-ED572E646C39}.Debug|iPhone.Build.0 = Debug|Any CPU
		{5DD0D9A5-CD4B-46DC-9055-ED572E646C39}.Debug|iPhoneSimulator.ActiveCfg = Debug|Any CPU
		{5DD0D9A5-CD4B-46DC-9055-ED572E646C39}.Debug|iPhoneSimulator.Build.0 = Debug|Any CPU
		{5DD0D9A5-CD4B-46DC-9055-ED572E646C39}.Release|Any CPU.ActiveCfg = Release|Any CPU
		{5DD0D9A5-CD4B-46DC-9055-ED572E646C39}.Release|Any CPU.Build.0 = Release|Any CPU
		{5DD0D9A5-CD4B-46DC-9055-ED572E646C39}.Release|iPhone.ActiveCfg = Release|Any CPU
		{5DD0D9A5-CD4B-46DC-9055-ED572E646C39}.Release|iPhone.Build.0 = Release|Any CPU
		{5DD0D9A5-CD4B-46DC-9055-ED572E646C39}.Release|iPhoneSimulator.ActiveCfg = Release|Any CPU
		{5DD0D9A5-CD4B-46DC-9055-ED572E646C39}.Release|iPhoneSimulator.Build.0 = Release|Any CPU
		{3FEFAD99-4E31-4EF1-81A8-AAB159072565}.Debug|Any CPU.ActiveCfg = Debug|Any CPU
		{3FEFAD99-4E31-4EF1-81A8-AAB159072565}.Debug|Any CPU.Build.0 = Debug|Any CPU
		{3FEFAD99-4E31-4EF1-81A8-AAB159072565}.Debug|iPhone.ActiveCfg = Debug|Any CPU
		{3FEFAD99-4E31-4EF1-81A8-AAB159072565}.Debug|iPhone.Build.0 = Debug|Any CPU
		{3FEFAD99-4E31-4EF1-81A8-AAB159072565}.Debug|iPhoneSimulator.ActiveCfg = Debug|Any CPU
		{3FEFAD99-4E31-4EF1-81A8-AAB159072565}.Debug|iPhoneSimulator.Build.0 = Debug|Any CPU
		{3FEFAD99-4E31-4EF1-81A8-AAB159072565}.Release|Any CPU.ActiveCfg = Release|Any CPU
		{3FEFAD99-4E31-4EF1-81A8-AAB159072565}.Release|Any CPU.Build.0 = Release|Any CPU
		{3FEFAD99-4E31-4EF1-81A8-AAB159072565}.Release|iPhone.ActiveCfg = Release|Any CPU
		{3FEFAD99-4E31-4EF1-81A8-AAB159072565}.Release|iPhone.Build.0 = Release|Any CPU
		{3FEFAD99-4E31-4EF1-81A8-AAB159072565}.Release|iPhoneSimulator.ActiveCfg = Release|Any CPU
		{3FEFAD99-4E31-4EF1-81A8-AAB159072565}.Release|iPhoneSimulator.Build.0 = Release|Any CPU
		{A5130E6C-E71A-4DAD-A4E6-E9254DF33AB2}.Debug|Any CPU.ActiveCfg = Debug|Any CPU
		{A5130E6C-E71A-4DAD-A4E6-E9254DF33AB2}.Debug|Any CPU.Build.0 = Debug|Any CPU
		{A5130E6C-E71A-4DAD-A4E6-E9254DF33AB2}.Debug|iPhone.ActiveCfg = Debug|Any CPU
		{A5130E6C-E71A-4DAD-A4E6-E9254DF33AB2}.Debug|iPhone.Build.0 = Debug|Any CPU
		{A5130E6C-E71A-4DAD-A4E6-E9254DF33AB2}.Debug|iPhoneSimulator.ActiveCfg = Debug|Any CPU
		{A5130E6C-E71A-4DAD-A4E6-E9254DF33AB2}.Debug|iPhoneSimulator.Build.0 = Debug|Any CPU
		{A5130E6C-E71A-4DAD-A4E6-E9254DF33AB2}.Release|Any CPU.ActiveCfg = Release|Any CPU
		{A5130E6C-E71A-4DAD-A4E6-E9254DF33AB2}.Release|Any CPU.Build.0 = Release|Any CPU
		{A5130E6C-E71A-4DAD-A4E6-E9254DF33AB2}.Release|iPhone.ActiveCfg = Release|Any CPU
		{A5130E6C-E71A-4DAD-A4E6-E9254DF33AB2}.Release|iPhone.Build.0 = Release|Any CPU
		{A5130E6C-E71A-4DAD-A4E6-E9254DF33AB2}.Release|iPhoneSimulator.ActiveCfg = Release|Any CPU
		{A5130E6C-E71A-4DAD-A4E6-E9254DF33AB2}.Release|iPhoneSimulator.Build.0 = Release|Any CPU
		{B96FBC51-C385-40D2-B42F-92D62C735730}.Debug|Any CPU.ActiveCfg = Debug|Any CPU
		{B96FBC51-C385-40D2-B42F-92D62C735730}.Debug|Any CPU.Build.0 = Debug|Any CPU
		{B96FBC51-C385-40D2-B42F-92D62C735730}.Debug|iPhone.ActiveCfg = Debug|Any CPU
		{B96FBC51-C385-40D2-B42F-92D62C735730}.Debug|iPhone.Build.0 = Debug|Any CPU
		{B96FBC51-C385-40D2-B42F-92D62C735730}.Debug|iPhoneSimulator.ActiveCfg = Debug|Any CPU
		{B96FBC51-C385-40D2-B42F-92D62C735730}.Debug|iPhoneSimulator.Build.0 = Debug|Any CPU
		{B96FBC51-C385-40D2-B42F-92D62C735730}.Release|Any CPU.ActiveCfg = Release|Any CPU
		{B96FBC51-C385-40D2-B42F-92D62C735730}.Release|Any CPU.Build.0 = Release|Any CPU
		{B96FBC51-C385-40D2-B42F-92D62C735730}.Release|iPhone.ActiveCfg = Release|Any CPU
		{B96FBC51-C385-40D2-B42F-92D62C735730}.Release|iPhone.Build.0 = Release|Any CPU
		{B96FBC51-C385-40D2-B42F-92D62C735730}.Release|iPhoneSimulator.ActiveCfg = Release|Any CPU
		{B96FBC51-C385-40D2-B42F-92D62C735730}.Release|iPhoneSimulator.Build.0 = Release|Any CPU
	EndGlobalSection
	GlobalSection(SolutionProperties) = preSolution
		HideSolutionNode = FALSE
	EndGlobalSection
	GlobalSection(ExtensibilityGlobals) = postSolution
		SolutionGuid = {1C4799AC-C949-4EB1-B653-48419ABFDA1D}
	EndGlobalSection
EndGlobal
