
Microsoft Visual Studio Solution File, Format Version 12.00
# Visual Studio Version 16
VisualStudioVersion = 16.0.30011.22
MinimumVisualStudioVersion = 10.0.40219.1
Project("{2150E333-8FDC-42A3-9474-1A3956D46DE8}") = "1 - Presentation", "1 - Presentation", "{9C6376CE-4B19-4883-B409-D4DCA67E5A64}"
EndProject
Project("{2150E333-8FDC-42A3-9474-1A3956D46DE8}") = "2 - Services", "2 - Services", "{01083359-093C-4B36-80CE-40462403BDC8}"
EndProject
Project("{2150E333-8FDC-42A3-9474-1A3956D46DE8}") = "3 - Application", "3 - Application", "{FEE4191B-2740-43BB-AF41-781073159CE2}"
EndProject
Project("{2150E333-8FDC-42A3-9474-1A3956D46DE8}") = "4 - Domain", "4 - Domain", "{ECED79F6-D045-4521-A43E-641D86DC89BB}"
EndProject
Project("{9A19103F-16F7-4668-BE54-9A1E7A4F7556}") = "Bawbee.Domain", "Bawbee.Domain\Bawbee.Domain.csproj", "{FBBE58E0-8C88-41B7-8792-B238CCE86873}"
EndProject
Project("{9A19103F-16F7-4668-BE54-9A1E7A4F7556}") = "Bawbee.Domain.Core", "Bawbee.Domain.Core\Bawbee.Domain.Core.csproj", "{63FD3A47-0092-4EE7-8D2E-C7C079E5175C}"
EndProject
Project("{FAE04EC0-301F-11D3-BF4B-00C04F79EFBC}") = "Bawbee.Application", "Bawbee.Application\Bawbee.Application.csproj", "{BA8DE5F2-0D63-4DB9-96DB-801D50BA163E}"
EndProject
Global
	GlobalSection(SolutionConfigurationPlatforms) = preSolution
		Debug|Any CPU = Debug|Any CPU
		Release|Any CPU = Release|Any CPU
	EndGlobalSection
	GlobalSection(ProjectConfigurationPlatforms) = postSolution
		{FBBE58E0-8C88-41B7-8792-B238CCE86873}.Debug|Any CPU.ActiveCfg = Debug|Any CPU
		{FBBE58E0-8C88-41B7-8792-B238CCE86873}.Debug|Any CPU.Build.0 = Debug|Any CPU
		{FBBE58E0-8C88-41B7-8792-B238CCE86873}.Release|Any CPU.ActiveCfg = Release|Any CPU
		{FBBE58E0-8C88-41B7-8792-B238CCE86873}.Release|Any CPU.Build.0 = Release|Any CPU
		{63FD3A47-0092-4EE7-8D2E-C7C079E5175C}.Debug|Any CPU.ActiveCfg = Debug|Any CPU
		{63FD3A47-0092-4EE7-8D2E-C7C079E5175C}.Debug|Any CPU.Build.0 = Debug|Any CPU
		{63FD3A47-0092-4EE7-8D2E-C7C079E5175C}.Release|Any CPU.ActiveCfg = Release|Any CPU
		{63FD3A47-0092-4EE7-8D2E-C7C079E5175C}.Release|Any CPU.Build.0 = Release|Any CPU
		{BA8DE5F2-0D63-4DB9-96DB-801D50BA163E}.Debug|Any CPU.ActiveCfg = Debug|Any CPU
		{BA8DE5F2-0D63-4DB9-96DB-801D50BA163E}.Debug|Any CPU.Build.0 = Debug|Any CPU
		{BA8DE5F2-0D63-4DB9-96DB-801D50BA163E}.Release|Any CPU.ActiveCfg = Release|Any CPU
		{BA8DE5F2-0D63-4DB9-96DB-801D50BA163E}.Release|Any CPU.Build.0 = Release|Any CPU
	EndGlobalSection
	GlobalSection(SolutionProperties) = preSolution
		HideSolutionNode = FALSE
	EndGlobalSection
	GlobalSection(NestedProjects) = preSolution
		{FBBE58E0-8C88-41B7-8792-B238CCE86873} = {ECED79F6-D045-4521-A43E-641D86DC89BB}
		{63FD3A47-0092-4EE7-8D2E-C7C079E5175C} = {ECED79F6-D045-4521-A43E-641D86DC89BB}
		{BA8DE5F2-0D63-4DB9-96DB-801D50BA163E} = {FEE4191B-2740-43BB-AF41-781073159CE2}
	EndGlobalSection
	GlobalSection(ExtensibilityGlobals) = postSolution
		SolutionGuid = {1C4799AC-C949-4EB1-B653-48419ABFDA1D}
	EndGlobalSection
EndGlobal
