
Microsoft Visual Studio Solution File, Format Version 12.00
# Visual Studio Version 16
VisualStudioVersion = 16.0.30204.135
MinimumVisualStudioVersion = 10.0.40219.1
Project("{FAE04EC0-301F-11D3-BF4B-00C04F79EFBC}") = "Bawbee.Mobile.Android", "Bawbee.Mobile\Bawbee.Mobile.Android\Bawbee.Mobile.Android.csproj", "{0CD310F8-5714-4DE1-92EF-C7A3981E40BB}"
EndProject
Project("{FAE04EC0-301F-11D3-BF4B-00C04F79EFBC}") = "Bawbee.Mobile.iOS", "Bawbee.Mobile\Bawbee.Mobile.iOS\Bawbee.Mobile.iOS.csproj", "{28F0BE78-7ED7-4370-ADC9-79DDD8CFC241}"
EndProject
Project("{FAE04EC0-301F-11D3-BF4B-00C04F79EFBC}") = "Bawbee.Mobile", "Bawbee.Mobile\Bawbee.Mobile\Bawbee.Mobile.csproj", "{52643E70-BAE7-49DE-B3C7-5523FA55EC88}"
EndProject
Global
	GlobalSection(SolutionConfigurationPlatforms) = preSolution
		Debug|Any CPU = Debug|Any CPU
		Debug|iPhone = Debug|iPhone
		Debug|iPhoneSimulator = Debug|iPhoneSimulator
		Release|Any CPU = Release|Any CPU
		Release|iPhone = Release|iPhone
		Release|iPhoneSimulator = Release|iPhoneSimulator
	EndGlobalSection
	GlobalSection(ProjectConfigurationPlatforms) = postSolution
		{0CD310F8-5714-4DE1-92EF-C7A3981E40BB}.Debug|Any CPU.ActiveCfg = Debug|Any CPU
		{0CD310F8-5714-4DE1-92EF-C7A3981E40BB}.Debug|Any CPU.Build.0 = Debug|Any CPU
		{0CD310F8-5714-4DE1-92EF-C7A3981E40BB}.Debug|Any CPU.Deploy.0 = Debug|Any CPU
		{0CD310F8-5714-4DE1-92EF-C7A3981E40BB}.Debug|iPhone.ActiveCfg = Debug|Any CPU
		{0CD310F8-5714-4DE1-92EF-C7A3981E40BB}.Debug|iPhone.Build.0 = Debug|Any CPU
		{0CD310F8-5714-4DE1-92EF-C7A3981E40BB}.Debug|iPhone.Deploy.0 = Debug|Any CPU
		{0CD310F8-5714-4DE1-92EF-C7A3981E40BB}.Debug|iPhoneSimulator.ActiveCfg = Debug|Any CPU
		{0CD310F8-5714-4DE1-92EF-C7A3981E40BB}.Debug|iPhoneSimulator.Build.0 = Debug|Any CPU
		{0CD310F8-5714-4DE1-92EF-C7A3981E40BB}.Debug|iPhoneSimulator.Deploy.0 = Debug|Any CPU
		{0CD310F8-5714-4DE1-92EF-C7A3981E40BB}.Release|Any CPU.ActiveCfg = Release|Any CPU
		{0CD310F8-5714-4DE1-92EF-C7A3981E40BB}.Release|Any CPU.Build.0 = Release|Any CPU
		{0CD310F8-5714-4DE1-92EF-C7A3981E40BB}.Release|Any CPU.Deploy.0 = Release|Any CPU
		{0CD310F8-5714-4DE1-92EF-C7A3981E40BB}.Release|iPhone.ActiveCfg = Release|Any CPU
		{0CD310F8-5714-4DE1-92EF-C7A3981E40BB}.Release|iPhone.Build.0 = Release|Any CPU
		{0CD310F8-5714-4DE1-92EF-C7A3981E40BB}.Release|iPhone.Deploy.0 = Release|Any CPU
		{0CD310F8-5714-4DE1-92EF-C7A3981E40BB}.Release|iPhoneSimulator.ActiveCfg = Release|Any CPU
		{0CD310F8-5714-4DE1-92EF-C7A3981E40BB}.Release|iPhoneSimulator.Build.0 = Release|Any CPU
		{0CD310F8-5714-4DE1-92EF-C7A3981E40BB}.Release|iPhoneSimulator.Deploy.0 = Release|Any CPU
		{28F0BE78-7ED7-4370-ADC9-79DDD8CFC241}.Debug|Any CPU.ActiveCfg = Debug|iPhone
		{28F0BE78-7ED7-4370-ADC9-79DDD8CFC241}.Debug|iPhone.ActiveCfg = Debug|iPhone
		{28F0BE78-7ED7-4370-ADC9-79DDD8CFC241}.Debug|iPhone.Build.0 = Debug|iPhone
		{28F0BE78-7ED7-4370-ADC9-79DDD8CFC241}.Debug|iPhoneSimulator.ActiveCfg = Debug|iPhoneSimulator
		{28F0BE78-7ED7-4370-ADC9-79DDD8CFC241}.Debug|iPhoneSimulator.Build.0 = Debug|iPhoneSimulator
		{28F0BE78-7ED7-4370-ADC9-79DDD8CFC241}.Release|Any CPU.ActiveCfg = Release|iPhone
		{28F0BE78-7ED7-4370-ADC9-79DDD8CFC241}.Release|iPhone.ActiveCfg = Release|iPhone
		{28F0BE78-7ED7-4370-ADC9-79DDD8CFC241}.Release|iPhone.Build.0 = Release|iPhone
		{28F0BE78-7ED7-4370-ADC9-79DDD8CFC241}.Release|iPhoneSimulator.ActiveCfg = Release|iPhoneSimulator
		{28F0BE78-7ED7-4370-ADC9-79DDD8CFC241}.Release|iPhoneSimulator.Build.0 = Release|iPhoneSimulator
		{52643E70-BAE7-49DE-B3C7-5523FA55EC88}.Debug|Any CPU.ActiveCfg = Debug|Any CPU
		{52643E70-BAE7-49DE-B3C7-5523FA55EC88}.Debug|Any CPU.Build.0 = Debug|Any CPU
		{52643E70-BAE7-49DE-B3C7-5523FA55EC88}.Debug|iPhone.ActiveCfg = Debug|Any CPU
		{52643E70-BAE7-49DE-B3C7-5523FA55EC88}.Debug|iPhone.Build.0 = Debug|Any CPU
		{52643E70-BAE7-49DE-B3C7-5523FA55EC88}.Debug|iPhoneSimulator.ActiveCfg = Debug|Any CPU
		{52643E70-BAE7-49DE-B3C7-5523FA55EC88}.Debug|iPhoneSimulator.Build.0 = Debug|Any CPU
		{52643E70-BAE7-49DE-B3C7-5523FA55EC88}.Release|Any CPU.ActiveCfg = Release|Any CPU
		{52643E70-BAE7-49DE-B3C7-5523FA55EC88}.Release|Any CPU.Build.0 = Release|Any CPU
		{52643E70-BAE7-49DE-B3C7-5523FA55EC88}.Release|iPhone.ActiveCfg = Release|Any CPU
		{52643E70-BAE7-49DE-B3C7-5523FA55EC88}.Release|iPhone.Build.0 = Release|Any CPU
		{52643E70-BAE7-49DE-B3C7-5523FA55EC88}.Release|iPhoneSimulator.ActiveCfg = Release|Any CPU
		{52643E70-BAE7-49DE-B3C7-5523FA55EC88}.Release|iPhoneSimulator.Build.0 = Release|Any CPU
	EndGlobalSection
	GlobalSection(SolutionProperties) = preSolution
		HideSolutionNode = FALSE
	EndGlobalSection
	GlobalSection(ExtensibilityGlobals) = postSolution
		SolutionGuid = {ED46528A-AF37-447D-B459-0CEDBB634937}
	EndGlobalSection
EndGlobal
